// !$*UTF8*$!
{
	archiveVersion = 1;
	classes = {
	};
	objectVersion = 50;
	objects = {

/* Begin PBXBuildFile section */
		450004A32593AA5D00CCA3A9 /* Assets.xcassets in Resources */ = {isa = PBXBuildFile; fileRef = 450004A22593AA5D00CCA3A9 /* Assets.xcassets */; };
		450004A62593BC1D00CCA3A9 /* ThemeColor.swift in Sources */ = {isa = PBXBuildFile; fileRef = 450004A52593BC1D00CCA3A9 /* ThemeColor.swift */; };
		450004AD259413C700CCA3A9 /* ThemeData.swift in Sources */ = {isa = PBXBuildFile; fileRef = 450004AC259413C700CCA3A9 /* ThemeData.swift */; };
		451188A0259117A000CE5942 /* SubtitleCell.swift in Sources */ = {isa = PBXBuildFile; fileRef = 4511889F259117A000CE5942 /* SubtitleCell.swift */; };
		451188A325915E2C00CE5942 /* ItemCell.swift in Sources */ = {isa = PBXBuildFile; fileRef = 451188A225915E2C00CE5942 /* ItemCell.swift */; };
		451188A72592E6C700CE5942 /* ItemSetting.swift in Sources */ = {isa = PBXBuildFile; fileRef = 451188A62592E6C700CE5942 /* ItemSetting.swift */; };
		451188AE2592E71600CE5942 /* Setting.swift in Sources */ = {isa = PBXBuildFile; fileRef = 451188AD2592E71600CE5942 /* Setting.swift */; };
		451188B12592EA0700CE5942 /* DataSettings.swift in Sources */ = {isa = PBXBuildFile; fileRef = 451188B02592EA0700CE5942 /* DataSettings.swift */; };
		451FF9AB258016E500398C71 /* ActionModalView.swift in Sources */ = {isa = PBXBuildFile; fileRef = 451FF9AA258016E500398C71 /* ActionModalView.swift */; };
		458A269F2594E9CE00986C9A /* ThemeController.swift in Sources */ = {isa = PBXBuildFile; fileRef = 458A269E2594E9CE00986C9A /* ThemeController.swift */; };
		45C156D025871CCD00B0B5B8 /* MainTabController.swift in Sources */ = {isa = PBXBuildFile; fileRef = 45C156CF25871CCD00B0B5B8 /* MainTabController.swift */; };
		45C156D325871F2500B0B5B8 /* SettingsController.swift in Sources */ = {isa = PBXBuildFile; fileRef = 45C156D225871F2500B0B5B8 /* SettingsController.swift */; };
		45C156D6258722E000B0B5B8 /* SearchController.swift in Sources */ = {isa = PBXBuildFile; fileRef = 45C156D5258722E000B0B5B8 /* SearchController.swift */; };
		45C156DC25885BC100B0B5B8 /* ItemController.swift in Sources */ = {isa = PBXBuildFile; fileRef = 45C156DB25885BC100B0B5B8 /* ItemController.swift */; };
		45C1C2782582DA2A00A06E3A /* EmojiTextField.swift in Sources */ = {isa = PBXBuildFile; fileRef = 45C1C2772582DA2900A06E3A /* EmojiTextField.swift */; };
		45C1C27B2583D56A00A06E3A /* Constant.swift in Sources */ = {isa = PBXBuildFile; fileRef = 45C1C27A2583D56A00A06E3A /* Constant.swift */; };
		45FA1F272568612F00274E3E /* CategoryController.swift in Sources */ = {isa = PBXBuildFile; fileRef = 45FA1F262568612F00274E3E /* CategoryController.swift */; };
		45FA1F302568674800274E3E /* Extensions.swift in Sources */ = {isa = PBXBuildFile; fileRef = 45FA1F2F2568674800274E3E /* Extensions.swift */; };
		45FA1F342568776200274E3E /* CategoryCell.swift in Sources */ = {isa = PBXBuildFile; fileRef = 45FA1F332568776200274E3E /* CategoryCell.swift */; };
		CF52F4292392FDF100FA815B /* DataModel.xcdatamodeld in Sources */ = {isa = PBXBuildFile; fileRef = CF52F4272392FDF100FA815B /* DataModel.xcdatamodeld */; };
		CFB053FF238F829400A28AA3 /* AppDelegate.swift in Sources */ = {isa = PBXBuildFile; fileRef = CFB053FE238F829400A28AA3 /* AppDelegate.swift */; };
		CFB05401238F829400A28AA3 /* SceneDelegate.swift in Sources */ = {isa = PBXBuildFile; fileRef = CFB05400238F829400A28AA3 /* SceneDelegate.swift */; };
		CFB05406238F829400A28AA3 /* Main.storyboard in Resources */ = {isa = PBXBuildFile; fileRef = CFB05404238F829400A28AA3 /* Main.storyboard */; };
		CFB0540B238F829500A28AA3 /* LaunchScreen.storyboard in Resources */ = {isa = PBXBuildFile; fileRef = CFB05409238F829500A28AA3 /* LaunchScreen.storyboard */; };
/* End PBXBuildFile section */

/* Begin PBXFileReference section */
		450004A22593AA5D00CCA3A9 /* Assets.xcassets */ = {isa = PBXFileReference; lastKnownFileType = folder.assetcatalog; name = Assets.xcassets; path = Todoey/Assets.xcassets; sourceTree = SOURCE_ROOT; };
		450004A52593BC1D00CCA3A9 /* ThemeColor.swift */ = {isa = PBXFileReference; lastKnownFileType = sourcecode.swift; path = ThemeColor.swift; sourceTree = "<group>"; };
		450004AC259413C700CCA3A9 /* ThemeData.swift */ = {isa = PBXFileReference; lastKnownFileType = sourcecode.swift; path = ThemeData.swift; sourceTree = "<group>"; };
		4511889F259117A000CE5942 /* SubtitleCell.swift */ = {isa = PBXFileReference; lastKnownFileType = sourcecode.swift; path = SubtitleCell.swift; sourceTree = "<group>"; };
		451188A225915E2C00CE5942 /* ItemCell.swift */ = {isa = PBXFileReference; lastKnownFileType = sourcecode.swift; path = ItemCell.swift; sourceTree = "<group>"; };
		451188A62592E6C700CE5942 /* ItemSetting.swift */ = {isa = PBXFileReference; lastKnownFileType = sourcecode.swift; path = ItemSetting.swift; sourceTree = "<group>"; };
		451188AD2592E71600CE5942 /* Setting.swift */ = {isa = PBXFileReference; lastKnownFileType = sourcecode.swift; path = Setting.swift; sourceTree = "<group>"; };
		451188B02592EA0700CE5942 /* DataSettings.swift */ = {isa = PBXFileReference; lastKnownFileType = sourcecode.swift; path = DataSettings.swift; sourceTree = "<group>"; };
		451FF9AA258016E500398C71 /* ActionModalView.swift */ = {isa = PBXFileReference; lastKnownFileType = sourcecode.swift; path = ActionModalView.swift; sourceTree = "<group>"; };
		458A269E2594E9CE00986C9A /* ThemeController.swift */ = {isa = PBXFileReference; lastKnownFileType = sourcecode.swift; path = ThemeController.swift; sourceTree = "<group>"; };
		45C156CF25871CCD00B0B5B8 /* MainTabController.swift */ = {isa = PBXFileReference; lastKnownFileType = sourcecode.swift; path = MainTabController.swift; sourceTree = "<group>"; };
		45C156D225871F2500B0B5B8 /* SettingsController.swift */ = {isa = PBXFileReference; lastKnownFileType = sourcecode.swift; path = SettingsController.swift; sourceTree = "<group>"; };
		45C156D5258722E000B0B5B8 /* SearchController.swift */ = {isa = PBXFileReference; lastKnownFileType = sourcecode.swift; path = SearchController.swift; sourceTree = "<group>"; };
		45C156DB25885BC100B0B5B8 /* ItemController.swift */ = {isa = PBXFileReference; lastKnownFileType = sourcecode.swift; path = ItemController.swift; sourceTree = "<group>"; };
		45C1C2772582DA2900A06E3A /* EmojiTextField.swift */ = {isa = PBXFileReference; lastKnownFileType = sourcecode.swift; path = EmojiTextField.swift; sourceTree = "<group>"; };
		45C1C27A2583D56A00A06E3A /* Constant.swift */ = {isa = PBXFileReference; lastKnownFileType = sourcecode.swift; path = Constant.swift; sourceTree = "<group>"; };
		45FA1F262568612F00274E3E /* CategoryController.swift */ = {isa = PBXFileReference; lastKnownFileType = sourcecode.swift; path = CategoryController.swift; sourceTree = "<group>"; };
		45FA1F2F2568674800274E3E /* Extensions.swift */ = {isa = PBXFileReference; lastKnownFileType = sourcecode.swift; path = Extensions.swift; sourceTree = "<group>"; };
		45FA1F332568776200274E3E /* CategoryCell.swift */ = {isa = PBXFileReference; lastKnownFileType = sourcecode.swift; path = CategoryCell.swift; sourceTree = "<group>"; };
		CF52F4282392FDF100FA815B /* DataModel.xcdatamodel */ = {isa = PBXFileReference; lastKnownFileType = wrapper.xcdatamodel; path = DataModel.xcdatamodel; sourceTree = "<group>"; };
		CFB053FB238F829400A28AA3 /* jToDo.app */ = {isa = PBXFileReference; explicitFileType = wrapper.application; includeInIndex = 0; path = jToDo.app; sourceTree = BUILT_PRODUCTS_DIR; };
		CFB053FE238F829400A28AA3 /* AppDelegate.swift */ = {isa = PBXFileReference; lastKnownFileType = sourcecode.swift; path = AppDelegate.swift; sourceTree = "<group>"; };
		CFB05400238F829400A28AA3 /* SceneDelegate.swift */ = {isa = PBXFileReference; lastKnownFileType = sourcecode.swift; path = SceneDelegate.swift; sourceTree = "<group>"; };
		CFB05405238F829400A28AA3 /* Base */ = {isa = PBXFileReference; lastKnownFileType = file.storyboard; name = Base; path = Base.lproj/Main.storyboard; sourceTree = "<group>"; };
		CFB0540A238F829500A28AA3 /* Base */ = {isa = PBXFileReference; lastKnownFileType = file.storyboard; name = Base; path = Base.lproj/LaunchScreen.storyboard; sourceTree = "<group>"; };
		CFB0540C238F829500A28AA3 /* Info.plist */ = {isa = PBXFileReference; lastKnownFileType = text.plist.xml; path = Info.plist; sourceTree = "<group>"; };
/* End PBXFileReference section */

/* Begin PBXFrameworksBuildPhase section */
		CFB053F8238F829400A28AA3 /* Frameworks */ = {
			isa = PBXFrameworksBuildPhase;
			buildActionMask = 2147483647;
			files = (
			);
			runOnlyForDeploymentPostprocessing = 0;
		};
/* End PBXFrameworksBuildPhase section */

/* Begin PBXGroup section */
		451188A52592E66F00CE5942 /* Model */ = {
			isa = PBXGroup;
			children = (
				CF52F4232392C88800FA815B /* DataModel */,
				451188A62592E6C700CE5942 /* ItemSetting.swift */,
				451188AD2592E71600CE5942 /* Setting.swift */,
			);
			path = Model;
			sourceTree = "<group>";
		};
		458A26A2259504DD00986C9A /* Theme */ = {
			isa = PBXGroup;
			children = (
				450004AC259413C700CCA3A9 /* ThemeData.swift */,
				450004A52593BC1D00CCA3A9 /* ThemeColor.swift */,
				451188B02592EA0700CE5942 /* DataSettings.swift */,
			);
			path = Theme;
			sourceTree = "<group>";
		};
		45FA1F2E2568673000274E3E /* Utils */ = {
			isa = PBXGroup;
			children = (
				45FA1F2F2568674800274E3E /* Extensions.swift */,
				45C1C27A2583D56A00A06E3A /* Constant.swift */,
			);
			path = Utils;
			sourceTree = "<group>";
		};
		CF52F4232392C88800FA815B /* DataModel */ = {
			isa = PBXGroup;
			children = (
				CF52F4272392FDF100FA815B /* DataModel.xcdatamodeld */,
			);
			path = DataModel;
			sourceTree = "<group>";
		};
		CF52F4242392C89D00FA815B /* Views */ = {
			isa = PBXGroup;
			children = (
				CFB05404238F829400A28AA3 /* Main.storyboard */,
				45FA1F332568776200274E3E /* CategoryCell.swift */,
				451FF9AA258016E500398C71 /* ActionModalView.swift */,
				45C1C2772582DA2900A06E3A /* EmojiTextField.swift */,
				4511889F259117A000CE5942 /* SubtitleCell.swift */,
				451188A225915E2C00CE5942 /* ItemCell.swift */,
			);
			path = Views;
			sourceTree = "<group>";
		};
		CF52F4252392C8B200FA815B /* Suporting Files */ = {
			isa = PBXGroup;
			children = (
				450004A22593AA5D00CCA3A9 /* Assets.xcassets */,
				CFB05409238F829500A28AA3 /* LaunchScreen.storyboard */,
			);
			path = "Suporting Files";
			sourceTree = "<group>";
		};
		CF52F4262392C8CA00FA815B /* Controllers */ = {
			isa = PBXGroup;
			children = (
				45FA1F262568612F00274E3E /* CategoryController.swift */,
				45C156CF25871CCD00B0B5B8 /* MainTabController.swift */,
				45C156D225871F2500B0B5B8 /* SettingsController.swift */,
				45C156D5258722E000B0B5B8 /* SearchController.swift */,
				CFB053FE238F829400A28AA3 /* AppDelegate.swift */,
				45C156DB25885BC100B0B5B8 /* ItemController.swift */,
				458A269E2594E9CE00986C9A /* ThemeController.swift */,
			);
			path = Controllers;
			sourceTree = "<group>";
		};
		CFB053F2238F829400A28AA3 = {
			isa = PBXGroup;
			children = (
				CFB053FD238F829400A28AA3 /* Todoey */,
				CFB053FC238F829400A28AA3 /* Products */,
			);
			sourceTree = "<group>";
		};
		CFB053FC238F829400A28AA3 /* Products */ = {
			isa = PBXGroup;
			children = (
				CFB053FB238F829400A28AA3 /* jToDo.app */,
			);
			name = Products;
			sourceTree = "<group>";
		};
		CFB053FD238F829400A28AA3 /* Todoey */ = {
			isa = PBXGroup;
			children = (
				458A26A2259504DD00986C9A /* Theme */,
				451188A52592E66F00CE5942 /* Model */,
				45FA1F2E2568673000274E3E /* Utils */,
				CF52F4242392C89D00FA815B /* Views */,
				CFB05400238F829400A28AA3 /* SceneDelegate.swift */,
				CF52F4262392C8CA00FA815B /* Controllers */,
				CF52F4252392C8B200FA815B /* Suporting Files */,
				CFB0540C238F829500A28AA3 /* Info.plist */,
			);
			path = Todoey;
			sourceTree = "<group>";
		};
/* End PBXGroup section */

/* Begin PBXNativeTarget section */
		CFB053FA238F829400A28AA3 /* jToDo */ = {
			isa = PBXNativeTarget;
			buildConfigurationList = CFB0540F238F829500A28AA3 /* Build configuration list for PBXNativeTarget "jToDo" */;
			buildPhases = (
				CFB053F7238F829400A28AA3 /* Sources */,
				CFB053F8238F829400A28AA3 /* Frameworks */,
				CFB053F9238F829400A28AA3 /* Resources */,
			);
			buildRules = (
			);
			dependencies = (
			);
			name = jToDo;
			productName = Todoey;
			productReference = CFB053FB238F829400A28AA3 /* jToDo.app */;
			productType = "com.apple.product-type.application";
		};
/* End PBXNativeTarget section */

/* Begin PBXProject section */
		CFB053F3238F829400A28AA3 /* Project object */ = {
			isa = PBXProject;
			attributes = {
				LastSwiftUpdateCheck = 1120;
				LastUpgradeCheck = 1230;
				ORGANIZATIONNAME = "José Javier Cueto Mejía";
				TargetAttributes = {
					CFB053FA238F829400A28AA3 = {
						CreatedOnToolsVersion = 11.2.1;
					};
				};
			};
			buildConfigurationList = CFB053F6238F829400A28AA3 /* Build configuration list for PBXProject "jToDo" */;
			compatibilityVersion = "Xcode 9.3";
			developmentRegion = en;
			hasScannedForEncodings = 0;
			knownRegions = (
				en,
				Base,
			);
			mainGroup = CFB053F2238F829400A28AA3;
			productRefGroup = CFB053FC238F829400A28AA3 /* Products */;
			projectDirPath = "";
			projectRoot = "";
			targets = (
				CFB053FA238F829400A28AA3 /* jToDo */,
			);
		};
/* End PBXProject section */

/* Begin PBXResourcesBuildPhase section */
		CFB053F9238F829400A28AA3 /* Resources */ = {
			isa = PBXResourcesBuildPhase;
			buildActionMask = 2147483647;
			files = (
				CFB0540B238F829500A28AA3 /* LaunchScreen.storyboard in Resources */,
				450004A32593AA5D00CCA3A9 /* Assets.xcassets in Resources */,
				CFB05406238F829400A28AA3 /* Main.storyboard in Resources */,
			);
			runOnlyForDeploymentPostprocessing = 0;
		};
/* End PBXResourcesBuildPhase section */

/* Begin PBXSourcesBuildPhase section */
		CFB053F7238F829400A28AA3 /* Sources */ = {
			isa = PBXSourcesBuildPhase;
			buildActionMask = 2147483647;
			files = (
				451188A72592E6C700CE5942 /* ItemSetting.swift in Sources */,
				45C156D325871F2500B0B5B8 /* SettingsController.swift in Sources */,
				CF52F4292392FDF100FA815B /* DataModel.xcdatamodeld in Sources */,
				45C156D025871CCD00B0B5B8 /* MainTabController.swift in Sources */,
				451188A325915E2C00CE5942 /* ItemCell.swift in Sources */,
				451FF9AB258016E500398C71 /* ActionModalView.swift in Sources */,
				45C1C2782582DA2A00A06E3A /* EmojiTextField.swift in Sources */,
				450004A62593BC1D00CCA3A9 /* ThemeColor.swift in Sources */,
				45FA1F342568776200274E3E /* CategoryCell.swift in Sources */,
				CFB053FF238F829400A28AA3 /* AppDelegate.swift in Sources */,
				451188A0259117A000CE5942 /* SubtitleCell.swift in Sources */,
				458A269F2594E9CE00986C9A /* ThemeController.swift in Sources */,
				450004AD259413C700CCA3A9 /* ThemeData.swift in Sources */,
				CFB05401238F829400A28AA3 /* SceneDelegate.swift in Sources */,
				45C1C27B2583D56A00A06E3A /* Constant.swift in Sources */,
				45FA1F272568612F00274E3E /* CategoryController.swift in Sources */,
				45FA1F302568674800274E3E /* Extensions.swift in Sources */,
				451188B12592EA0700CE5942 /* DataSettings.swift in Sources */,
				451188AE2592E71600CE5942 /* Setting.swift in Sources */,
				45C156DC25885BC100B0B5B8 /* ItemController.swift in Sources */,
				45C156D6258722E000B0B5B8 /* SearchController.swift in Sources */,
			);
			runOnlyForDeploymentPostprocessing = 0;
		};
/* End PBXSourcesBuildPhase section */

/* Begin PBXVariantGroup section */
		CFB05404238F829400A28AA3 /* Main.storyboard */ = {
			isa = PBXVariantGroup;
			children = (
				CFB05405238F829400A28AA3 /* Base */,
			);
			name = Main.storyboard;
			sourceTree = "<group>";
		};
		CFB05409238F829500A28AA3 /* LaunchScreen.storyboard */ = {
			isa = PBXVariantGroup;
			children = (
				CFB0540A238F829500A28AA3 /* Base */,
			);
			name = LaunchScreen.storyboard;
			sourceTree = "<group>";
		};
/* End PBXVariantGroup section */

/* Begin XCBuildConfiguration section */
		CFB0540D238F829500A28AA3 /* Debug */ = {
			isa = XCBuildConfiguration;
			buildSettings = {
				ALWAYS_SEARCH_USER_PATHS = NO;
				CLANG_ANALYZER_NONNULL = YES;
				CLANG_ANALYZER_NUMBER_OBJECT_CONVERSION = YES_AGGRESSIVE;
				CLANG_CXX_LANGUAGE_STANDARD = "gnu++14";
				CLANG_CXX_LIBRARY = "libc++";
				CLANG_ENABLE_MODULES = YES;
				CLANG_ENABLE_OBJC_ARC = YES;
				CLANG_ENABLE_OBJC_WEAK = YES;
				CLANG_WARN_BLOCK_CAPTURE_AUTORELEASING = YES;
				CLANG_WARN_BOOL_CONVERSION = YES;
				CLANG_WARN_COMMA = YES;
				CLANG_WARN_CONSTANT_CONVERSION = YES;
				CLANG_WARN_DEPRECATED_OBJC_IMPLEMENTATIONS = YES;
				CLANG_WARN_DIRECT_OBJC_ISA_USAGE = YES_ERROR;
				CLANG_WARN_DOCUMENTATION_COMMENTS = YES;
				CLANG_WARN_EMPTY_BODY = YES;
				CLANG_WARN_ENUM_CONVERSION = YES;
				CLANG_WARN_INFINITE_RECURSION = YES;
				CLANG_WARN_INT_CONVERSION = YES;
				CLANG_WARN_NON_LITERAL_NULL_CONVERSION = YES;
				CLANG_WARN_OBJC_IMPLICIT_RETAIN_SELF = YES;
				CLANG_WARN_OBJC_LITERAL_CONVERSION = YES;
				CLANG_WARN_OBJC_ROOT_CLASS = YES_ERROR;
				CLANG_WARN_QUOTED_INCLUDE_IN_FRAMEWORK_HEADER = YES;
				CLANG_WARN_RANGE_LOOP_ANALYSIS = YES;
				CLANG_WARN_STRICT_PROTOTYPES = YES;
				CLANG_WARN_SUSPICIOUS_MOVE = YES;
				CLANG_WARN_UNGUARDED_AVAILABILITY = YES_AGGRESSIVE;
				CLANG_WARN_UNREACHABLE_CODE = YES;
				CLANG_WARN__DUPLICATE_METHOD_MATCH = YES;
				COPY_PHASE_STRIP = NO;
				DEBUG_INFORMATION_FORMAT = dwarf;
				ENABLE_STRICT_OBJC_MSGSEND = YES;
				ENABLE_TESTABILITY = YES;
				GCC_C_LANGUAGE_STANDARD = gnu11;
				GCC_DYNAMIC_NO_PIC = NO;
				GCC_NO_COMMON_BLOCKS = YES;
				GCC_OPTIMIZATION_LEVEL = 0;
				GCC_PREPROCESSOR_DEFINITIONS = (
					"DEBUG=1",
					"$(inherited)",
				);
				GCC_WARN_64_TO_32_BIT_CONVERSION = YES;
				GCC_WARN_ABOUT_RETURN_TYPE = YES_ERROR;
				GCC_WARN_UNDECLARED_SELECTOR = YES;
				GCC_WARN_UNINITIALIZED_AUTOS = YES_AGGRESSIVE;
				GCC_WARN_UNUSED_FUNCTION = YES;
				GCC_WARN_UNUSED_VARIABLE = YES;
				IPHONEOS_DEPLOYMENT_TARGET = 13.0;
				MTL_ENABLE_DEBUG_INFO = INCLUDE_SOURCE;
				MTL_FAST_MATH = YES;
				ONLY_ACTIVE_ARCH = YES;
				SDKROOT = iphoneos;
				SWIFT_ACTIVE_COMPILATION_CONDITIONS = DEBUG;
				SWIFT_OPTIMIZATION_LEVEL = "-Onone";
			};
			name = Debug;
		};
		CFB0540E238F829500A28AA3 /* Release */ = {
			isa = XCBuildConfiguration;
			buildSettings = {
				ALWAYS_SEARCH_USER_PATHS = NO;
				CLANG_ANALYZER_NONNULL = YES;
				CLANG_ANALYZER_NUMBER_OBJECT_CONVERSION = YES_AGGRESSIVE;
				CLANG_CXX_LANGUAGE_STANDARD = "gnu++14";
				CLANG_CXX_LIBRARY = "libc++";
				CLANG_ENABLE_MODULES = YES;
				CLANG_ENABLE_OBJC_ARC = YES;
				CLANG_ENABLE_OBJC_WEAK = YES;
				CLANG_WARN_BLOCK_CAPTURE_AUTORELEASING = YES;
				CLANG_WARN_BOOL_CONVERSION = YES;
				CLANG_WARN_COMMA = YES;
				CLANG_WARN_CONSTANT_CONVERSION = YES;
				CLANG_WARN_DEPRECATED_OBJC_IMPLEMENTATIONS = YES;
				CLANG_WARN_DIRECT_OBJC_ISA_USAGE = YES_ERROR;
				CLANG_WARN_DOCUMENTATION_COMMENTS = YES;
				CLANG_WARN_EMPTY_BODY = YES;
				CLANG_WARN_ENUM_CONVERSION = YES;
				CLANG_WARN_INFINITE_RECURSION = YES;
				CLANG_WARN_INT_CONVERSION = YES;
				CLANG_WARN_NON_LITERAL_NULL_CONVERSION = YES;
				CLANG_WARN_OBJC_IMPLICIT_RETAIN_SELF = YES;
				CLANG_WARN_OBJC_LITERAL_CONVERSION = YES;
				CLANG_WARN_OBJC_ROOT_CLASS = YES_ERROR;
				CLANG_WARN_QUOTED_INCLUDE_IN_FRAMEWORK_HEADER = YES;
				CLANG_WARN_RANGE_LOOP_ANALYSIS = YES;
				CLANG_WARN_STRICT_PROTOTYPES = YES;
				CLANG_WARN_SUSPICIOUS_MOVE = YES;
				CLANG_WARN_UNGUARDED_AVAILABILITY = YES_AGGRESSIVE;
				CLANG_WARN_UNREACHABLE_CODE = YES;
				CLANG_WARN__DUPLICATE_METHOD_MATCH = YES;
				COPY_PHASE_STRIP = NO;
				DEBUG_INFORMATION_FORMAT = "dwarf-with-dsym";
				ENABLE_NS_ASSERTIONS = NO;
				ENABLE_STRICT_OBJC_MSGSEND = YES;
				GCC_C_LANGUAGE_STANDARD = gnu11;
				GCC_NO_COMMON_BLOCKS = YES;
				GCC_WARN_64_TO_32_BIT_CONVERSION = YES;
				GCC_WARN_ABOUT_RETURN_TYPE = YES_ERROR;
				GCC_WARN_UNDECLARED_SELECTOR = YES;
				GCC_WARN_UNINITIALIZED_AUTOS = YES_AGGRESSIVE;
				GCC_WARN_UNUSED_FUNCTION = YES;
				GCC_WARN_UNUSED_VARIABLE = YES;
				IPHONEOS_DEPLOYMENT_TARGET = 13.0;
				MTL_ENABLE_DEBUG_INFO = NO;
				MTL_FAST_MATH = YES;
				SDKROOT = iphoneos;
				SWIFT_COMPILATION_MODE = wholemodule;
				SWIFT_OPTIMIZATION_LEVEL = "-O";
				VALIDATE_PRODUCT = YES;
			};
			name = Release;
		};
		CFB05410238F829500A28AA3 /* Debug */ = {
			isa = XCBuildConfiguration;
			buildSettings = {
				ASSETCATALOG_COMPILER_APPICON_NAME = AppIcon;
				CODE_SIGN_STYLE = Automatic;
				DEVELOPMENT_TEAM = TNSM43P2F3;
				INFOPLIST_FILE = Todoey/Info.plist;
				LD_RUNPATH_SEARCH_PATHS = (
					"$(inherited)",
					"@executable_path/Frameworks",
				);
				PRODUCT_BUNDLE_IDENTIFIER = com.javiercueto.jToDo;
				PRODUCT_NAME = "$(TARGET_NAME)";
				SWIFT_VERSION = 5.0;
				TARGETED_DEVICE_FAMILY = 1;
			};
			name = Debug;
		};
		CFB05411238F829500A28AA3 /* Release */ = {
			isa = XCBuildConfiguration;
			buildSettings = {
				ASSETCATALOG_COMPILER_APPICON_NAME = AppIcon;
				CODE_SIGN_STYLE = Automatic;
				DEVELOPMENT_TEAM = TNSM43P2F3;
				INFOPLIST_FILE = Todoey/Info.plist;
				LD_RUNPATH_SEARCH_PATHS = (
					"$(inherited)",
					"@executable_path/Frameworks",
				);
				PRODUCT_BUNDLE_IDENTIFIER = com.javiercueto.jToDo;
				PRODUCT_NAME = "$(TARGET_NAME)";
				SWIFT_VERSION = 5.0;
				TARGETED_DEVICE_FAMILY = 1;
			};
			name = Release;
		};
/* End XCBuildConfiguration section */

/* Begin XCConfigurationList section */
		CFB053F6238F829400A28AA3 /* Build configuration list for PBXProject "jToDo" */ = {
			isa = XCConfigurationList;
			buildConfigurations = (
				CFB0540D238F829500A28AA3 /* Debug */,
				CFB0540E238F829500A28AA3 /* Release */,
			);
			defaultConfigurationIsVisible = 0;
			defaultConfigurationName = Release;
		};
		CFB0540F238F829500A28AA3 /* Build configuration list for PBXNativeTarget "jToDo" */ = {
			isa = XCConfigurationList;
			buildConfigurations = (
				CFB05410238F829500A28AA3 /* Debug */,
				CFB05411238F829500A28AA3 /* Release */,
			);
			defaultConfigurationIsVisible = 0;
			defaultConfigurationName = Release;
		};
/* End XCConfigurationList section */

/* Begin XCVersionGroup section */
		CF52F4272392FDF100FA815B /* DataModel.xcdatamodeld */ = {
			isa = XCVersionGroup;
			children = (
				CF52F4282392FDF100FA815B /* DataModel.xcdatamodel */,
			);
			currentVersion = CF52F4282392FDF100FA815B /* DataModel.xcdatamodel */;
			path = DataModel.xcdatamodeld;
			sourceTree = "<group>";
			versionGroupType = wrapper.xcdatamodel;
		};
/* End XCVersionGroup section */
	};
	rootObject = CFB053F3238F829400A28AA3 /* Project object */;
}
